// !$*UTF8*$!
{
	archiveVersion = 1;
	classes = {
	};
	objectVersion = 50;
	objects = {

/* Begin PBXBuildFile section */
		190ECEEB20E6A92F0028DE9C /* AppDelegate.swift in Sources */ = {isa = PBXBuildFile; fileRef = 190ECEEA20E6A92F0028DE9C /* AppDelegate.swift */; };
		190ECEED20E6A92F0028DE9C /* InitialViewController.swift in Sources */ = {isa = PBXBuildFile; fileRef = 190ECEEC20E6A92F0028DE9C /* InitialViewController.swift */; };
		190ECEF220E6A9300028DE9C /* Assets.xcassets in Resources */ = {isa = PBXBuildFile; fileRef = 190ECEF120E6A9300028DE9C /* Assets.xcassets */; };
		196BF50E20EAC2930059E990 /* LaunchScreen.storyboard in Resources */ = {isa = PBXBuildFile; fileRef = 196BF50D20EAC2930059E990 /* LaunchScreen.storyboard */; };
		196BF51120EACAC00059E990 /* InitialViewInteractor.swift in Sources */ = {isa = PBXBuildFile; fileRef = 196BF51020EACAC00059E990 /* InitialViewInteractor.swift */; };
		19DD3F4720EAAE2000B31655 /* InitialViewController.xib in Resources */ = {isa = PBXBuildFile; fileRef = 19DD3F4620EAAE2000B31655 /* InitialViewController.xib */; };
		19E511A420EA8FAE00B79749 /* R.generated.swift in Sources */ = {isa = PBXBuildFile; fileRef = 19E511A320EA8FAE00B79749 /* R.generated.swift */; };
		19E511AA20EA956000B79749 /* Coordinator.swift in Sources */ = {isa = PBXBuildFile; fileRef = 19E511A920EA956000B79749 /* Coordinator.swift */; };
		19E511AC20EA960F00B79749 /* ApplicationCoordinator.swift in Sources */ = {isa = PBXBuildFile; fileRef = 19E511AB20EA960F00B79749 /* ApplicationCoordinator.swift */; };
		19E511AE20EA9A1300B79749 /* InitialViewCoordinator.swift in Sources */ = {isa = PBXBuildFile; fileRef = 19E511AD20EA9A1300B79749 /* InitialViewCoordinator.swift */; };
		BDF85EC3AB7E1F2322D4EEF2 /* Pods_mvvmproject.framework in Frameworks */ = {isa = PBXBuildFile; fileRef = 5A5D64150B875E083990DF0A /* Pods_mvvmproject.framework */; };
		C71E78CB20E6C1AE001BE172 /* Alamofire.framework in Frameworks */ = {isa = PBXBuildFile; fileRef = C71E78CA20E6C1AE001BE172 /* Alamofire.framework */; };
/* End PBXBuildFile section */

/* Begin PBXFileReference section */
		190ECEE720E6A92F0028DE9C /* mvvmproject.app */ = {isa = PBXFileReference; explicitFileType = wrapper.application; includeInIndex = 0; path = mvvmproject.app; sourceTree = BUILT_PRODUCTS_DIR; };
		190ECEEA20E6A92F0028DE9C /* AppDelegate.swift */ = {isa = PBXFileReference; lastKnownFileType = sourcecode.swift; path = AppDelegate.swift; sourceTree = "<group>"; };
		190ECEEC20E6A92F0028DE9C /* InitialViewController.swift */ = {isa = PBXFileReference; lastKnownFileType = sourcecode.swift; path = InitialViewController.swift; sourceTree = "<group>"; };
		190ECEF120E6A9300028DE9C /* Assets.xcassets */ = {isa = PBXFileReference; lastKnownFileType = folder.assetcatalog; path = Assets.xcassets; sourceTree = "<group>"; };
		190ECEF620E6A9300028DE9C /* Info.plist */ = {isa = PBXFileReference; lastKnownFileType = text.plist.xml; path = Info.plist; sourceTree = "<group>"; };
		196BF50D20EAC2930059E990 /* LaunchScreen.storyboard */ = {isa = PBXFileReference; lastKnownFileType = file.storyboard; path = LaunchScreen.storyboard; sourceTree = "<group>"; };
		196BF51020EACAC00059E990 /* InitialViewInteractor.swift */ = {isa = PBXFileReference; lastKnownFileType = sourcecode.swift; path = InitialViewInteractor.swift; sourceTree = "<group>"; };
		19DD3F4620EAAE2000B31655 /* InitialViewController.xib */ = {isa = PBXFileReference; lastKnownFileType = file.xib; path = InitialViewController.xib; sourceTree = "<group>"; };
		19E511A320EA8FAE00B79749 /* R.generated.swift */ = {isa = PBXFileReference; fileEncoding = 4; lastKnownFileType = sourcecode.swift; name = R.generated.swift; path = mvvmproject/Helpers/RSwift/R.generated.swift; sourceTree = SOURCE_ROOT; };
		19E511A920EA956000B79749 /* Coordinator.swift */ = {isa = PBXFileReference; lastKnownFileType = sourcecode.swift; path = Coordinator.swift; sourceTree = "<group>"; };
		19E511AB20EA960F00B79749 /* ApplicationCoordinator.swift */ = {isa = PBXFileReference; lastKnownFileType = sourcecode.swift; path = ApplicationCoordinator.swift; sourceTree = "<group>"; };
		19E511AD20EA9A1300B79749 /* InitialViewCoordinator.swift */ = {isa = PBXFileReference; lastKnownFileType = sourcecode.swift; path = InitialViewCoordinator.swift; sourceTree = "<group>"; };
		5A5D64150B875E083990DF0A /* Pods_mvvmproject.framework */ = {isa = PBXFileReference; explicitFileType = wrapper.framework; includeInIndex = 0; path = Pods_mvvmproject.framework; sourceTree = BUILT_PRODUCTS_DIR; };
		C71E78CA20E6C1AE001BE172 /* Alamofire.framework */ = {isa = PBXFileReference; lastKnownFileType = wrapper.framework; name = Alamofire.framework; path = Carthage/Build/iOS/Alamofire.framework; sourceTree = "<group>"; };
		C8CF9C5A16A2373D50ED716E /* Pods-mvvmproject.release.xcconfig */ = {isa = PBXFileReference; includeInIndex = 1; lastKnownFileType = text.xcconfig; name = "Pods-mvvmproject.release.xcconfig"; path = "Pods/Target Support Files/Pods-mvvmproject/Pods-mvvmproject.release.xcconfig"; sourceTree = "<group>"; };
		F5E29D7735367C54A1663350 /* Pods-mvvmproject.debug.xcconfig */ = {isa = PBXFileReference; includeInIndex = 1; lastKnownFileType = text.xcconfig; name = "Pods-mvvmproject.debug.xcconfig"; path = "Pods/Target Support Files/Pods-mvvmproject/Pods-mvvmproject.debug.xcconfig"; sourceTree = "<group>"; };
/* End PBXFileReference section */

/* Begin PBXFrameworksBuildPhase section */
		190ECEE420E6A92F0028DE9C /* Frameworks */ = {
			isa = PBXFrameworksBuildPhase;
			buildActionMask = 2147483647;
			files = (
				C71E78CB20E6C1AE001BE172 /* Alamofire.framework in Frameworks */,
				BDF85EC3AB7E1F2322D4EEF2 /* Pods_mvvmproject.framework in Frameworks */,
			);
			runOnlyForDeploymentPostprocessing = 0;
		};
/* End PBXFrameworksBuildPhase section */

/* Begin PBXGroup section */
		190ECEDE20E6A92F0028DE9C = {
			isa = PBXGroup;
			children = (
				190ECEE920E6A92F0028DE9C /* mvvmproject */,
				190ECEE820E6A92F0028DE9C /* Products */,
				C71E78C920E6C1AE001BE172 /* Frameworks */,
				ED777F1CC38D2D2BB87DE155 /* Pods */,
			);
			sourceTree = "<group>";
		};
		190ECEE820E6A92F0028DE9C /* Products */ = {
			isa = PBXGroup;
			children = (
				190ECEE720E6A92F0028DE9C /* mvvmproject.app */,
			);
			name = Products;
			sourceTree = "<group>";
		};
		190ECEE920E6A92F0028DE9C /* mvvmproject */ = {
			isa = PBXGroup;
			children = (
				19C0D9F220EBD90700623E79 /* Resource */,
				19C0D9F120EBD71700623E79 /* App */,
				19C0D9EF20EBD6A000623E79 /* Scenes */,
				1994B86820EA8F34001EE7DF /* Helpers */,
			);
			path = mvvmproject;
			sourceTree = "<group>";
		};
		1994B86820EA8F34001EE7DF /* Helpers */ = {
			isa = PBXGroup;
			children = (
				19E511A820EA954600B79749 /* Coordinator */,
				19E511A220EA8F6B00B79749 /* RSwift */,
			);
			path = Helpers;
			sourceTree = "<group>";
		};
		19C0D9EF20EBD6A000623E79 /* Scenes */ = {
			isa = PBXGroup;
			children = (
				19C0D9F020EBD6D800623E79 /* Initial */,
			);
			path = Scenes;
			sourceTree = "<group>";
		};
		19C0D9F020EBD6D800623E79 /* Initial */ = {
			isa = PBXGroup;
			children = (
				190ECEEC20E6A92F0028DE9C /* InitialViewController.swift */,
				196BF51020EACAC00059E990 /* InitialViewInteractor.swift */,
				19E511AD20EA9A1300B79749 /* InitialViewCoordinator.swift */,
				19DD3F4620EAAE2000B31655 /* InitialViewController.xib */,
			);
			path = Initial;
			sourceTree = "<group>";
		};
		19C0D9F120EBD71700623E79 /* App */ = {
			isa = PBXGroup;
			children = (
				190ECEEA20E6A92F0028DE9C /* AppDelegate.swift */,
				19E511AB20EA960F00B79749 /* ApplicationCoordinator.swift */,
				190ECEF620E6A9300028DE9C /* Info.plist */,
			);
			path = App;
			sourceTree = "<group>";
		};
		19C0D9F220EBD90700623E79 /* Resource */ = {
			isa = PBXGroup;
			children = (
				190ECEF120E6A9300028DE9C /* Assets.xcassets */,
				196BF50D20EAC2930059E990 /* LaunchScreen.storyboard */,
			);
			path = Resource;
			sourceTree = "<group>";
		};
		19E511A220EA8F6B00B79749 /* RSwift */ = {
			isa = PBXGroup;
			children = (
				19E511A320EA8FAE00B79749 /* R.generated.swift */,
			);
			path = RSwift;
			sourceTree = "<group>";
		};
		19E511A820EA954600B79749 /* Coordinator */ = {
			isa = PBXGroup;
			children = (
				19E511A920EA956000B79749 /* Coordinator.swift */,
			);
			path = Coordinator;
			sourceTree = "<group>";
		};
		C71E78C920E6C1AE001BE172 /* Frameworks */ = {
			isa = PBXGroup;
			children = (
				C71E78CA20E6C1AE001BE172 /* Alamofire.framework */,
				5A5D64150B875E083990DF0A /* Pods_mvvmproject.framework */,
			);
			name = Frameworks;
			sourceTree = "<group>";
		};
		ED777F1CC38D2D2BB87DE155 /* Pods */ = {
			isa = PBXGroup;
			children = (
				F5E29D7735367C54A1663350 /* Pods-mvvmproject.debug.xcconfig */,
				C8CF9C5A16A2373D50ED716E /* Pods-mvvmproject.release.xcconfig */,
			);
			name = Pods;
			sourceTree = "<group>";
		};
/* End PBXGroup section */

/* Begin PBXNativeTarget section */
		190ECEE620E6A92F0028DE9C /* mvvmproject */ = {
			isa = PBXNativeTarget;
			buildConfigurationList = 190ECEF920E6A9300028DE9C /* Build configuration list for PBXNativeTarget "mvvmproject" */;
			buildPhases = (
				A39FE25A32FC97224DC1F68F /* [CP] Check Pods Manifest.lock */,
				190ECEE320E6A92F0028DE9C /* Sources */,
				190ECEE420E6A92F0028DE9C /* Frameworks */,
				190ECEE520E6A92F0028DE9C /* Resources */,
				C71E78CC20E6C1D5001BE172 /* ShellScript */,
				1994B86720EA8EAC001EE7DF /* ShellScript */,
				A3ED89E5833CA2F46FADFF81 /* [CP] Embed Pods Frameworks */,
			);
			buildRules = (
			);
			dependencies = (
			);
			name = mvvmproject;
			productName = mvvmproject;
			productReference = 190ECEE720E6A92F0028DE9C /* mvvmproject.app */;
			productType = "com.apple.product-type.application";
		};
/* End PBXNativeTarget section */

/* Begin PBXProject section */
		190ECEDF20E6A92F0028DE9C /* Project object */ = {
			isa = PBXProject;
			attributes = {
				LastSwiftUpdateCheck = 0940;
				LastUpgradeCheck = 0940;
				ORGANIZATIONNAME = "Nodo Digital";
				TargetAttributes = {
					190ECEE620E6A92F0028DE9C = {
						CreatedOnToolsVersion = 9.4;
					};
				};
			};
			buildConfigurationList = 190ECEE220E6A92F0028DE9C /* Build configuration list for PBXProject "mvvmproject" */;
			compatibilityVersion = "Xcode 9.3";
			developmentRegion = en;
			hasScannedForEncodings = 0;
			knownRegions = (
				en,
				Base,
			);
			mainGroup = 190ECEDE20E6A92F0028DE9C;
			productRefGroup = 190ECEE820E6A92F0028DE9C /* Products */;
			projectDirPath = "";
			projectRoot = "";
			targets = (
				190ECEE620E6A92F0028DE9C /* mvvmproject */,
			);
		};
/* End PBXProject section */

/* Begin PBXResourcesBuildPhase section */
		190ECEE520E6A92F0028DE9C /* Resources */ = {
			isa = PBXResourcesBuildPhase;
			buildActionMask = 2147483647;
			files = (
				196BF50E20EAC2930059E990 /* LaunchScreen.storyboard in Resources */,
				190ECEF220E6A9300028DE9C /* Assets.xcassets in Resources */,
				19DD3F4720EAAE2000B31655 /* InitialViewController.xib in Resources */,
			);
			runOnlyForDeploymentPostprocessing = 0;
		};
/* End PBXResourcesBuildPhase section */

/* Begin PBXShellScriptBuildPhase section */
		1994B86720EA8EAC001EE7DF /* ShellScript */ = {
			isa = PBXShellScriptBuildPhase;
			buildActionMask = 2147483647;
			files = (
			);
			inputPaths = (
			);
			outputPaths = (
			);
			runOnlyForDeploymentPostprocessing = 0;
			shellPath = /bin/sh;
			shellScript = "\"$PODS_ROOT/R.swift/rswift\" generate \"$SRCROOT\"";
		};
		A39FE25A32FC97224DC1F68F /* [CP] Check Pods Manifest.lock */ = {
			isa = PBXShellScriptBuildPhase;
			buildActionMask = 2147483647;
			files = (
			);
			inputPaths = (
				"${PODS_PODFILE_DIR_PATH}/Podfile.lock",
				"${PODS_ROOT}/Manifest.lock",
			);
			name = "[CP] Check Pods Manifest.lock";
			outputPaths = (
				"$(DERIVED_FILE_DIR)/Pods-mvvmproject-checkManifestLockResult.txt",
			);
			runOnlyForDeploymentPostprocessing = 0;
			shellPath = /bin/sh;
			shellScript = "diff \"${PODS_PODFILE_DIR_PATH}/Podfile.lock\" \"${PODS_ROOT}/Manifest.lock\" > /dev/null\nif [ $? != 0 ] ; then\n    # print error to STDERR\n    echo \"error: The sandbox is not in sync with the Podfile.lock. Run 'pod install' or update your CocoaPods installation.\" >&2\n    exit 1\nfi\n# This output is used by Xcode 'outputs' to avoid re-running this script phase.\necho \"SUCCESS\" > \"${SCRIPT_OUTPUT_FILE_0}\"\n";
			showEnvVarsInLog = 0;
		};
		A3ED89E5833CA2F46FADFF81 /* [CP] Embed Pods Frameworks */ = {
			isa = PBXShellScriptBuildPhase;
			buildActionMask = 2147483647;
			files = (
			);
			inputPaths = (
				"${SRCROOT}/Pods/Target Support Files/Pods-mvvmproject/Pods-mvvmproject-frameworks.sh",
				"${BUILT_PRODUCTS_DIR}/R.swift.Library/Rswift.framework",
			);
			name = "[CP] Embed Pods Frameworks";
			outputPaths = (
				"${TARGET_BUILD_DIR}/${FRAMEWORKS_FOLDER_PATH}/Rswift.framework",
			);
			runOnlyForDeploymentPostprocessing = 0;
			shellPath = /bin/sh;
			shellScript = "\"${SRCROOT}/Pods/Target Support Files/Pods-mvvmproject/Pods-mvvmproject-frameworks.sh\"\n";
			showEnvVarsInLog = 0;
		};
		C71E78CC20E6C1D5001BE172 /* ShellScript */ = {
			isa = PBXShellScriptBuildPhase;
			buildActionMask = 2147483647;
			files = (
			);
			inputPaths = (
				"$(SRCROOT)/Carthage/Build/iOS/Alamofire.framework",
			);
			outputPaths = (
			);
			runOnlyForDeploymentPostprocessing = 0;
			shellPath = /bin/sh;
			shellScript = "/usr/local/bin/carthage copy-frameworks";
		};
/* End PBXShellScriptBuildPhase section */

/* Begin PBXSourcesBuildPhase section */
		190ECEE320E6A92F0028DE9C /* Sources */ = {
			isa = PBXSourcesBuildPhase;
			buildActionMask = 2147483647;
			files = (
				19E511AA20EA956000B79749 /* Coordinator.swift in Sources */,
				190ECEED20E6A92F0028DE9C /* InitialViewController.swift in Sources */,
				19E511AC20EA960F00B79749 /* ApplicationCoordinator.swift in Sources */,
				190ECEEB20E6A92F0028DE9C /* AppDelegate.swift in Sources */,
				196BF51120EACAC00059E990 /* InitialViewInteractor.swift in Sources */,
				19E511AE20EA9A1300B79749 /* InitialViewCoordinator.swift in Sources */,
				19E511A420EA8FAE00B79749 /* R.generated.swift in Sources */,
			);
			runOnlyForDeploymentPostprocessing = 0;
		};
/* End PBXSourcesBuildPhase section */

/* Begin XCBuildConfiguration section */
		190ECEF720E6A9300028DE9C /* Debug */ = {
			isa = XCBuildConfiguration;
			buildSettings = {
				ALWAYS_SEARCH_USER_PATHS = NO;
				CLANG_ANALYZER_NONNULL = YES;
				CLANG_ANALYZER_NUMBER_OBJECT_CONVERSION = YES_AGGRESSIVE;
				CLANG_CXX_LANGUAGE_STANDARD = "gnu++14";
				CLANG_CXX_LIBRARY = "libc++";
				CLANG_ENABLE_MODULES = YES;
				CLANG_ENABLE_OBJC_ARC = YES;
				CLANG_ENABLE_OBJC_WEAK = YES;
				CLANG_WARN_BLOCK_CAPTURE_AUTORELEASING = YES;
				CLANG_WARN_BOOL_CONVERSION = YES;
				CLANG_WARN_COMMA = YES;
				CLANG_WARN_CONSTANT_CONVERSION = YES;
				CLANG_WARN_DEPRECATED_OBJC_IMPLEMENTATIONS = YES;
				CLANG_WARN_DIRECT_OBJC_ISA_USAGE = YES_ERROR;
				CLANG_WARN_DOCUMENTATION_COMMENTS = YES;
				CLANG_WARN_EMPTY_BODY = YES;
				CLANG_WARN_ENUM_CONVERSION = YES;
				CLANG_WARN_INFINITE_RECURSION = YES;
				CLANG_WARN_INT_CONVERSION = YES;
				CLANG_WARN_NON_LITERAL_NULL_CONVERSION = YES;
				CLANG_WARN_OBJC_IMPLICIT_RETAIN_SELF = YES;
				CLANG_WARN_OBJC_LITERAL_CONVERSION = YES;
				CLANG_WARN_OBJC_ROOT_CLASS = YES_ERROR;
				CLANG_WARN_RANGE_LOOP_ANALYSIS = YES;
				CLANG_WARN_STRICT_PROTOTYPES = YES;
				CLANG_WARN_SUSPICIOUS_MOVE = YES;
				CLANG_WARN_UNGUARDED_AVAILABILITY = YES_AGGRESSIVE;
				CLANG_WARN_UNREACHABLE_CODE = YES;
				CLANG_WARN__DUPLICATE_METHOD_MATCH = YES;
				CODE_SIGN_IDENTITY = "iPhone Developer";
				COPY_PHASE_STRIP = NO;
				DEBUG_INFORMATION_FORMAT = dwarf;
				ENABLE_STRICT_OBJC_MSGSEND = YES;
				ENABLE_TESTABILITY = YES;
				GCC_C_LANGUAGE_STANDARD = gnu11;
				GCC_DYNAMIC_NO_PIC = NO;
				GCC_NO_COMMON_BLOCKS = YES;
				GCC_OPTIMIZATION_LEVEL = 0;
				GCC_PREPROCESSOR_DEFINITIONS = (
					"DEBUG=1",
					"$(inherited)",
				);
				GCC_WARN_64_TO_32_BIT_CONVERSION = YES;
				GCC_WARN_ABOUT_RETURN_TYPE = YES_ERROR;
				GCC_WARN_UNDECLARED_SELECTOR = YES;
				GCC_WARN_UNINITIALIZED_AUTOS = YES_AGGRESSIVE;
				GCC_WARN_UNUSED_FUNCTION = YES;
				GCC_WARN_UNUSED_VARIABLE = YES;
				IPHONEOS_DEPLOYMENT_TARGET = 11.4;
				MTL_ENABLE_DEBUG_INFO = YES;
				ONLY_ACTIVE_ARCH = YES;
				SDKROOT = iphoneos;
				SWIFT_ACTIVE_COMPILATION_CONDITIONS = DEBUG;
				SWIFT_OPTIMIZATION_LEVEL = "-Onone";
			};
			name = Debug;
		};
		190ECEF820E6A9300028DE9C /* Release */ = {
			isa = XCBuildConfiguration;
			buildSettings = {
				ALWAYS_SEARCH_USER_PATHS = NO;
				CLANG_ANALYZER_NONNULL = YES;
				CLANG_ANALYZER_NUMBER_OBJECT_CONVERSION = YES_AGGRESSIVE;
				CLANG_CXX_LANGUAGE_STANDARD = "gnu++14";
				CLANG_CXX_LIBRARY = "libc++";
				CLANG_ENABLE_MODULES = YES;
				CLANG_ENABLE_OBJC_ARC = YES;
				CLANG_ENABLE_OBJC_WEAK = YES;
				CLANG_WARN_BLOCK_CAPTURE_AUTORELEASING = YES;
				CLANG_WARN_BOOL_CONVERSION = YES;
				CLANG_WARN_COMMA = YES;
				CLANG_WARN_CONSTANT_CONVERSION = YES;
				CLANG_WARN_DEPRECATED_OBJC_IMPLEMENTATIONS = YES;
				CLANG_WARN_DIRECT_OBJC_ISA_USAGE = YES_ERROR;
				CLANG_WARN_DOCUMENTATION_COMMENTS = YES;
				CLANG_WARN_EMPTY_BODY = YES;
				CLANG_WARN_ENUM_CONVERSION = YES;
				CLANG_WARN_INFINITE_RECURSION = YES;
				CLANG_WARN_INT_CONVERSION = YES;
				CLANG_WARN_NON_LITERAL_NULL_CONVERSION = YES;
				CLANG_WARN_OBJC_IMPLICIT_RETAIN_SELF = YES;
				CLANG_WARN_OBJC_LITERAL_CONVERSION = YES;
				CLANG_WARN_OBJC_ROOT_CLASS = YES_ERROR;
				CLANG_WARN_RANGE_LOOP_ANALYSIS = YES;
				CLANG_WARN_STRICT_PROTOTYPES = YES;
				CLANG_WARN_SUSPICIOUS_MOVE = YES;
				CLANG_WARN_UNGUARDED_AVAILABILITY = YES_AGGRESSIVE;
				CLANG_WARN_UNREACHABLE_CODE = YES;
				CLANG_WARN__DUPLICATE_METHOD_MATCH = YES;
				CODE_SIGN_IDENTITY = "iPhone Developer";
				COPY_PHASE_STRIP = NO;
				DEBUG_INFORMATION_FORMAT = "dwarf-with-dsym";
				ENABLE_NS_ASSERTIONS = NO;
				ENABLE_STRICT_OBJC_MSGSEND = YES;
				GCC_C_LANGUAGE_STANDARD = gnu11;
				GCC_NO_COMMON_BLOCKS = YES;
				GCC_WARN_64_TO_32_BIT_CONVERSION = YES;
				GCC_WARN_ABOUT_RETURN_TYPE = YES_ERROR;
				GCC_WARN_UNDECLARED_SELECTOR = YES;
				GCC_WARN_UNINITIALIZED_AUTOS = YES_AGGRESSIVE;
				GCC_WARN_UNUSED_FUNCTION = YES;
				GCC_WARN_UNUSED_VARIABLE = YES;
				IPHONEOS_DEPLOYMENT_TARGET = 11.4;
				MTL_ENABLE_DEBUG_INFO = NO;
				SDKROOT = iphoneos;
				SWIFT_COMPILATION_MODE = wholemodule;
				SWIFT_OPTIMIZATION_LEVEL = "-O";
				VALIDATE_PRODUCT = YES;
			};
			name = Release;
		};
		190ECEFA20E6A9300028DE9C /* Debug */ = {
			isa = XCBuildConfiguration;
			baseConfigurationReference = F5E29D7735367C54A1663350 /* Pods-mvvmproject.debug.xcconfig */;
			buildSettings = {
				ASSETCATALOG_COMPILER_APPICON_NAME = AppIcon;
				CODE_SIGN_STYLE = Automatic;
				FRAMEWORK_SEARCH_PATHS = (
					"$(inherited)",
					"$(PROJECT_DIR)/Carthage/Build/iOS",
				);
				INFOPLIST_FILE = "$(SRCROOT)/mvvmproject/Resources/Info.plist";
				LD_RUNPATH_SEARCH_PATHS = (
					"$(inherited)",
					"@executable_path/Frameworks",
				);
				PRODUCT_BUNDLE_IDENTIFIER = com.lkj.mvvmproject;
				PRODUCT_NAME = "$(TARGET_NAME)";
				SWIFT_VERSION = 4.0;
				TARGETED_DEVICE_FAMILY = "1,2";
			};
			name = Debug;
		};
		190ECEFB20E6A9300028DE9C /* Release */ = {
			isa = XCBuildConfiguration;
			baseConfigurationReference = C8CF9C5A16A2373D50ED716E /* Pods-mvvmproject.release.xcconfig */;
			buildSettings = {
				ASSETCATALOG_COMPILER_APPICON_NAME = AppIcon;
				CODE_SIGN_STYLE = Automatic;
				FRAMEWORK_SEARCH_PATHS = (
					"$(inherited)",
					"$(PROJECT_DIR)/Carthage/Build/iOS",
				);
				INFOPLIST_FILE = "$(SRCROOT)/mvvmproject/Resources/Info.plist";
				LD_RUNPATH_SEARCH_PATHS = (
					"$(inherited)",
					"@executable_path/Frameworks",
				);
				PRODUCT_BUNDLE_IDENTIFIER = com.lkj.mvvmproject;
				PRODUCT_NAME = "$(TARGET_NAME)";
				SWIFT_VERSION = 4.0;
				TARGETED_DEVICE_FAMILY = "1,2";
			};
			name = Release;
		};
/* End XCBuildConfiguration section */

/* Begin XCConfigurationList section */
		190ECEE220E6A92F0028DE9C /* Build configuration list for PBXProject "mvvmproject" */ = {
			isa = XCConfigurationList;
			buildConfigurations = (
				190ECEF720E6A9300028DE9C /* Debug */,
				190ECEF820E6A9300028DE9C /* Release */,
			);
			defaultConfigurationIsVisible = 0;
			defaultConfigurationName = Release;
		};
		190ECEF920E6A9300028DE9C /* Build configuration list for PBXNativeTarget "mvvmproject" */ = {
			isa = XCConfigurationList;
			buildConfigurations = (
				190ECEFA20E6A9300028DE9C /* Debug */,
				190ECEFB20E6A9300028DE9C /* Release */,
			);
			defaultConfigurationIsVisible = 0;
			defaultConfigurationName = Release;
		};
/* End XCConfigurationList section */
	};
	rootObject = 190ECEDF20E6A92F0028DE9C /* Project object */;
}
